{
  "name": "birthday",
  "version": "1.0.0",
  "lockfileVersion": 3,
  "requires": true,
  "packages": {
    "": {
      "name": "birthday",
      "version": "1.0.0",
      "license": "WTFPL",
      "dependencies": {
        "http-server": "^0.9.0"
      }
    },
    "node_modules/async": {
      "version": "0.9.0",
      "resolved": "https://registry.npmjs.org/async/-/async-0.9.0.tgz",
      "integrity": "sha512-XQJ3MipmCHAIBBMFfu2jaSetneOrXbSyyqeU3Nod867oNOpS+i9FEms5PWgjMxSgBybRf2IVVLtr1YfrDO+okg=="
    },
    "node_modules/colors": {
      "version": "1.0.3",
      "resolved": "http://registry.npmjs.org/colors/-/colors-1.0.3.tgz",
      "integrity": "sha1-BDP0TYCWgP3rYO0mDxsMJi6CpAs=",
      "engines": {
        "node": ">=0.1.90"
      }
    },
    "node_modules/corser": {
      "version": "2.0.1",
      "resolved": "https://registry.npmjs.org/corser/-/corser-2.0.1.tgz",
      "integrity": "sha1-jtolLsqrWEDc2XXOuQ2TcMgZ/4c=",
      "engines": {
        "node": ">= 0.4.0"
      }
    },
    "node_modules/debug": {
      "version": "3.1.0",
      "resolved": "https://registry.npmjs.org/debug/-/debug-3.1.0.tgz",
      "integrity": "sha512-OX8XqP7/1a9cqkxYw2yXss15f26NKWBpDXQd0/uK/KPqdQhxbPa994hnzjcE2VqQpDslf55723cKPUOGSmMY3g==",
      "dependencies": {
        "ms": "2.0.0"
      }
    },
    "node_modules/ecstatic": {
      "version": "1.4.1",
      "resolved": "https://registry.npmjs.org/ecstatic/-/ecstatic-1.4.1.tgz",
      "integrity": "sha512-VC4nmLt4/3KmKbSXxREmJMs+iAB+VdOzMyugV4YzG6d/2NcHa+b0J5/zKGRWS7efwNLEZP2AIodUUm12wOglng==",
      "deprecated": "This package is unmaintained and deprecated. See the GH Issue 259.",
      "dependencies": {
        "he": "^0.5.0",
        "mime": "^1.2.11",
        "minimist": "^1.1.0",
        "url-join": "^1.0.0"
      },
      "bin": {
        "ecstatic": "lib/ecstatic.js"
      }
    },
    "node_modules/eventemitter3": {
      "version": "3.1.0",
      "resolved": "https://registry.npmjs.org/eventemitter3/-/eventemitter3-3.1.0.tgz",
      "integrity": "sha512-ivIvhpq/Y0uSjcHDcOIccjmYjGLcP09MFGE7ysAwkAvkXfpZlC985pH2/ui64DKazbTW/4kN3yqozUxlXzI6cA=="
    },
    "node_modules/follow-redirects": {
      "version": "1.5.10",
      "resolved": "https://registry.npmjs.org/follow-redirects/-/follow-redirects-1.5.10.tgz",
      "integrity": "sha512-0V5l4Cizzvqt5D44aTXbFZz+FtyXV1vrDN6qrelxtfYQKW0KO0W2T/hkE8xvGa/540LkZlkaUjO4ailYTFtHVQ==",
      "dependencies": {
        "debug": "=3.1.0"
      },
      "engines": {
        "node": ">=4.0"
      }
    },
    "node_modules/he": {
      "version": "0.5.0",
      "resolved": "https://registry.npmjs.org/he/-/he-0.5.0.tgz",
      "integrity": "sha512-DoufbNNOFzwRPy8uecq+j+VCPQ+JyDelHTmSgygrA5TsR8Cbw4Qcir5sGtWiusB4BdT89nmlaVDhSJOqC/33vw==",
      "bin": {
        "he": "bin/he"
      }
    },
    "node_modules/http-proxy": {
      "version": "1.17.0",
      "resolved": "https://registry.npmjs.org/http-proxy/-/http-proxy-1.17.0.tgz",
      "integrity": "sha512-Taqn+3nNvYRfJ3bGvKfBSRwy1v6eePlm3oc/aWVxZp57DQr5Eq3xhKJi7Z4hZpS8PC3H4qI+Yly5EmFacGuA/g==",
      "dependencies": {
        "eventemitter3": "^3.0.0",
        "follow-redirects": "^1.0.0",
        "requires-port": "^1.0.0"
      },
      "engines": {
        "node": ">=4.0.0"
      }
    },
    "node_modules/http-server": {
      "version": "0.9.0",
      "resolved": "https://registry.npmjs.org/http-server/-/http-server-0.9.0.tgz",
      "integrity": "sha512-ufsBg3xl4RRokW37Kg1uGS4MKkpfXqRrtuKYDT9QaBxqix9IHZ2QbOk2RDTOM8MJjWRzjozCC5heZX/azjKB6Q==",
      "dependencies": {
        "colors": "1.0.3",
        "corser": "~2.0.0",
        "ecstatic": "^1.4.0",
        "http-proxy": "^1.8.1",
        "opener": "~1.4.0",
        "optimist": "0.6.x",
        "portfinder": "0.4.x",
        "union": "~0.4.3"
      },
      "bin": {
        "hs": "bin/http-server",
        "http-server": "bin/http-server"
      }
    },
    "node_modules/mime": {
      "version": "1.6.0",
      "resolved": "https://registry.npmjs.org/mime/-/mime-1.6.0.tgz",
      "integrity": "sha512-x0Vn8spI+wuJ1O6S7gnbaQg8Pxh4NNHb7KSINmEWKiPE4RKOplvijn+NkmYmmRgP68mc70j2EbeTFRsrswaQeg==",
      "bin": {
        "mime": "cli.js"
      },
      "engines": {
        "node": ">=4"
      }
    },
    "node_modules/minimist": {
      "version": "1.2.8",
      "resolved": "https://registry.npmjs.org/minimist/-/minimist-1.2.8.tgz",
      "integrity": "sha512-2yyAR8qBkN3YuheJanUpWC5U3bb5osDywNB8RzDVlDwDHbocAJveqqj1u8+SVD7jkWT4yvsHCpWqqWqAxb0zCA==",
      "funding": {
        "url": "https://github.com/sponsors/ljharb"
      }
    },
    "node_modules/mkdirp": {
      "version": "0.5.6",
      "resolved": "https://registry.npmjs.org/mkdirp/-/mkdirp-0.5.6.tgz",
      "integrity": "sha512-FP+p8RB8OWpF3YZBCrP5gtADmtXApB5AMLn+vdyA+PyxCjrCs00mjyUozssO33cwDeT3wNGdLxJ5M//YqtHAJw==",
      "dependencies": {
        "minimist": "^1.2.6"
      },
      "bin": {
        "mkdirp": "bin/cmd.js"
      }
    },
    "node_modules/ms": {
      "version": "2.0.0",
      "resolved": "https://registry.npmjs.org/ms/-/ms-2.0.0.tgz",
      "integrity": "sha1-VgiurfwAvmwpAd9fmGF4jeDVl8g="
    },
    "node_modules/opener": {
      "version": "1.4.3",
      "resolved": "https://registry.npmjs.org/opener/-/opener-1.4.3.tgz",
      "integrity": "sha1-XG2ixdflgx6P+jlklQ+NZnSskLg=",
      "bin": {
        "opener": "opener.js"
      }
    },
    "node_modules/optimist": {
      "version": "0.6.1",
      "resolved": "https://registry.npmjs.org/optimist/-/optimist-0.6.1.tgz",
      "integrity": "sha1-2j6nRob6IaGaERwybpDrFaAZZoY=",
      "dependencies": {
        "minimist": "~0.0.1",
        "wordwrap": "~0.0.2"
      }
    },
    "node_modules/optimist/node_modules/minimist": {
      "version": "0.0.10",
      "resolved": "http://registry.npmjs.org/minimist/-/minimist-0.0.10.tgz",
      "integrity": "sha1-3j+YVD2/lggr5IrRoMfNqDYwHc8="
    },
    "node_modules/portfinder": {
      "version": "0.4.0",
      "resolved": "https://registry.npmjs.org/portfinder/-/portfinder-0.4.0.tgz",
      "integrity": "sha512-SZ3hp61WVhwNSS0gf0Fdrx5Yb/wl35qisHuPVM1S0StV8t5XlVZmmJy7/417OELJA7t6ecEmeEzvOaBwq3kCiQ==",
      "dependencies": {
        "async": "0.9.0",
        "mkdirp": "0.5.x"
      },
      "engines": {
        "node": ">= 0.8.0"
      }
    },
    "node_modules/qs": {
      "version": "2.3.3",
      "resolved": "http://registry.npmjs.org/qs/-/qs-2.3.3.tgz",
      "integrity": "sha1-6eha2+ddoLvkyOBHaghikPhjtAQ="
    },
    "node_modules/requires-port": {
      "version": "1.0.0",
      "resolved": "https://registry.npmjs.org/requires-port/-/requires-port-1.0.0.tgz",
      "integrity": "sha1-kl0mAdOaxIXgkc8NpcbmlNw9yv8="
    },
    "node_modules/union": {
      "version": "0.4.6",
      "resolved": "http://registry.npmjs.org/union/-/union-0.4.6.tgz",
      "integrity": "sha1-GY+9rrolTniLDvy2MLwR8kopWeA=",
      "dependencies": {
        "qs": "~2.3.3"
      },
      "engines": {
        "node": ">= 0.8.0"
      }
    },
    "node_modules/url-join": {
      "version": "1.1.0",
      "resolved": "https://registry.npmjs.org/url-join/-/url-join-1.1.0.tgz",
      "integrity": "sha512-zz1wZk4Lb5PTVwZ3HWDmm8XnlPvmOof6/fjdDPA5yBrUcbtV64U6bV832Zf1BtU2WkBBWaUT46wCs+l0HP5nhg=="
    },
    "node_modules/wordwrap": {
      "version": "0.0.3",
      "resolved": "https://registry.npmjs.org/wordwrap/-/wordwrap-0.0.3.tgz",
      "integrity": "sha1-o9XabNXAvAAI03I0u68b7WMFkQc=",
      "engines": {
        "node": ">=0.4.0"
      }
    }
  }
}
